
Microsoft Visual Studio Solution File, Format Version 12.00
# Visual Studio Version 16
VisualStudioVersion = 16.0.31727.386
MinimumVisualStudioVersion = 10.0.40219.1
Project("{FAE04EC0-301F-11D3-BF4B-00C04F79EFBC}") = "CHRobGraphAPI", "CHRobGraphAPI\CHRobGraphAPI.csproj", "{9373DCD6-6D26-4BF9-9AFF-2A249020DF1D}"
EndProject
Global
	GlobalSection(SolutionConfigurationPlatforms) = preSolution
		Debug|Any CPU = Debug|Any CPU
		Release|Any CPU = Release|Any CPU
	EndGlobalSection
	GlobalSection(ProjectConfigurationPlatforms) = postSolution
		{9373DCD6-6D26-4BF9-9AFF-2A249020DF1D}.Debug|Any CPU.ActiveCfg = Debug|Any CPU
		{9373DCD6-6D26-4BF9-9AFF-2A249020DF1D}.Debug|Any CPU.Build.0 = Debug|Any CPU
		{9373DCD6-6D26-4BF9-9AFF-2A249020DF1D}.Release|Any CPU.ActiveCfg = Release|Any CPU
		{9373DCD6-6D26-4BF9-9AFF-2A249020DF1D}.Release|Any CPU.Build.0 = Release|Any CPU
	EndGlobalSection
	GlobalSection(SolutionProperties) = preSolution
		HideSolutionNode = FALSE
	EndGlobalSection
	GlobalSection(ExtensibilityGlobals) = postSolution
		SolutionGuid = {2E90663A-5D88-4F82-A0A0-0AE045220760}
	EndGlobalSection
EndGlobal
